
Microsoft Visual Studio Solution File, Format Version 12.00
# Visual Studio Version 17
VisualStudioVersion = 17.4.33213.308
MinimumVisualStudioVersion = 10.0.40219.1
Project("{9A19103F-16F7-4668-BE54-9A1E7A4F7556}") = "MotoApp", "MotoApp\MotoApp.csproj", "{5F8C7D14-C56B-4589-8595-CB80BCEDA8B5}"
EndProject
Project("{2150E333-8FDC-42A3-9474-1A3956D46DE8}") = "Elementy rozwiązania", "Elementy rozwiązania", "{15DD3110-D6E6-4D79-AAD3-3C646A789D83}"
EndProject
Global
	GlobalSection(SolutionConfigurationPlatforms) = preSolution
		Debug|Any CPU = Debug|Any CPU
		Release|Any CPU = Release|Any CPU
	EndGlobalSection
	GlobalSection(ProjectConfigurationPlatforms) = postSolution
		{5F8C7D14-C56B-4589-8595-CB80BCEDA8B5}.Debug|Any CPU.ActiveCfg = Debug|Any CPU
		{5F8C7D14-C56B-4589-8595-CB80BCEDA8B5}.Debug|Any CPU.Build.0 = Debug|Any CPU
		{5F8C7D14-C56B-4589-8595-CB80BCEDA8B5}.Release|Any CPU.ActiveCfg = Release|Any CPU
		{5F8C7D14-C56B-4589-8595-CB80BCEDA8B5}.Release|Any CPU.Build.0 = Release|Any CPU
	EndGlobalSection
	GlobalSection(SolutionProperties) = preSolution
		HideSolutionNode = FALSE
	EndGlobalSection
	GlobalSection(ExtensibilityGlobals) = postSolution
		SolutionGuid = {53B9AD2C-ACEA-43A0-B813-705422E51076}
	EndGlobalSection
EndGlobal
